
Microsoft Visual Studio Solution File, Format Version 12.00
# Visual Studio Version 17
VisualStudioVersion = 17.11.35431.28
MinimumVisualStudioVersion = 10.0.40219.1
Project("{9A19103F-16F7-4668-BE54-9A1E7A4F7556}") = "SpecFlowProjectMars", "SpecFlowProjectMars.csproj", "{6F2321A8-3D53-4360-8748-FC86A2A5FE0F}"
EndProject
Global
	GlobalSection(SolutionConfigurationPlatforms) = preSolution
		Debug|Any CPU = Debug|Any CPU
		Release|Any CPU = Release|Any CPU
	EndGlobalSection
	GlobalSection(ProjectConfigurationPlatforms) = postSolution
		{6F2321A8-3D53-4360-8748-FC86A2A5FE0F}.Debug|Any CPU.ActiveCfg = Debug|Any CPU
		{6F2321A8-3D53-4360-8748-FC86A2A5FE0F}.Debug|Any CPU.Build.0 = Debug|Any CPU
		{6F2321A8-3D53-4360-8748-FC86A2A5FE0F}.Release|Any CPU.ActiveCfg = Release|Any CPU
		{6F2321A8-3D53-4360-8748-FC86A2A5FE0F}.Release|Any CPU.Build.0 = Release|Any CPU
	EndGlobalSection
	GlobalSection(SolutionProperties) = preSolution
		HideSolutionNode = FALSE
	EndGlobalSection
	GlobalSection(ExtensibilityGlobals) = postSolution
		SolutionGuid = {6E47CE3B-C96D-42AE-BBD9-7763A72B50F1}
	EndGlobalSection
EndGlobal
